{
  "version": 4,
  "terraform_version": "1.13.5",
  "serial": 65,
  "lineage": "a10020b6-2811-213d-dfd8-5222b8af2e23",
  "outputs": {},
  "resources": [
    {
      "module": "module.avm-res-network-virtualnetwork",
      "mode": "data",
      "type": "azapi_client_config",
      "name": "telemetry",
      "provider": "provider[\"registry.terraform.io/azure/azapi\"]",
      "instances": [
        {
          "index_key": 0,
          "schema_version": 0,
          "attributes": {
            "id": "clientConfigs/subscriptionId=2df30ff1-915d-4d35-974a-3d3155aaa413;tenantId=cabf5d06-7e3a-4d14-b7f4-2b5819ed881e",
            "object_id": "32d155ad-12bb-4eb3-9671-41551c6fb5f3",
            "subscription_id": "2df30ff1-915d-4d35-974a-3d3155aaa413",
            "subscription_resource_id": "/subscriptions/2df30ff1-915d-4d35-974a-3d3155aaa413",
            "tenant_id": "cabf5d06-7e3a-4d14-b7f4-2b5819ed881e",
            "timeouts": null
          },
          "sensitive_attributes": [],
          "identity_schema_version": 0
        }
      ]
    },
    {
      "module": "module.avm-res-network-virtualnetwork",
      "mode": "data",
      "type": "modtm_module_source",
      "name": "telemetry",
      "provider": "provider[\"registry.terraform.io/azure/modtm\"]",
      "instances": [
        {
          "index_key": 0,
          "schema_version": 0,
          "attributes": {
            "module_path": ".terraform/modules/avm-res-network-virtualnetwork",
            "module_source": "registry.terraform.io/Azure/avm-res-network-virtualnetwork/azurerm",
            "module_version": "0.16.0"
          },
          "sensitive_attributes": [],
          "identity_schema_version": 0
        }
      ]
    },
    {
      "module": "module.avm-res-network-virtualnetwork",
      "mode": "managed",
      "type": "azapi_resource",
      "name": "vnet",
      "provider": "provider[\"registry.terraform.io/azure/azapi\"]",
      "instances": [
        {
          "schema_version": 2,
          "attributes": {
            "body": {
              "value": {
                "extendedLocation": null,
                "properties": {
                  "addressSpace": {
                    "addressPrefixes": [
                      "10.0.0.0/16"
                    ]
                  },
                  "bgpCommunities": null,
                  "ddosProtectionPlan": null,
                  "dhcpOptions": null,
                  "enableDdosProtection": false,
                  "enableVmProtection": false,
                  "encryption": null,
                  "flowTimeoutInMinutes": null
                }
              },
              "type": [
                "object",
                {
                  "extendedLocation": [
                    "object",
                    {
                      "name": "dynamic",
                      "type": "dynamic"
                    }
                  ],
                  "properties": [
                    "object",
                    {
                      "addressSpace": [
                        "object",
                        {
                          "addressPrefixes": [
                            "set",
                            "string"
                          ]
                        }
                      ],
                      "bgpCommunities": [
                        "object",
                        {
                          "virtualNetworkCommunity": "string"
                        }
                      ],
                      "ddosProtectionPlan": [
                        "object",
                        {
                          "id": "dynamic"
                        }
                      ],
                      "dhcpOptions": [
                        "object",
                        {
                          "dnsServers": "dynamic"
                        }
                      ],
                      "enableDdosProtection": "bool",
                      "enableVmProtection": "bool",
                      "encryption": [
                        "object",
                        {
                          "enabled": "dynamic",
                          "enforcement": "dynamic"
                        }
                      ],
                      "flowTimeoutInMinutes": "number"
                    }
                  ]
                }
              ]
            },
            "create_headers": {
              "User-Agent": "avm=true avm_module_source=registry.terraform.io/Azure/avm-res-network-virtualnetwork/azurerm avm_module_version=0.16.0 random_id=d4c1d914-0034-c7b2-790b-e20b362ac1bf"
            },
            "create_query_parameters": null,
            "delete_headers": {
              "User-Agent": "avm=true avm_module_source=registry.terraform.io/Azure/avm-res-network-virtualnetwork/azurerm avm_module_version=0.16.0 random_id=d4c1d914-0034-c7b2-790b-e20b362ac1bf"
            },
            "delete_query_parameters": null,
            "id": "/subscriptions/2df30ff1-915d-4d35-974a-3d3155aaa413/resourceGroups/nitin-rg2/providers/Microsoft.Network/virtualNetworks/vnet-demo-nitin-eastus2-001",
            "identity": [],
            "ignore_casing": false,
            "ignore_missing_property": true,
            "ignore_null_property": false,
            "location": "eastus",
            "locks": null,
            "name": "vnet-demo-nitin-eastus2-001",
            "output": {
              "value": {},
              "type": [
                "object",
                {}
              ]
            },
            "parent_id": "/subscriptions/2df30ff1-915d-4d35-974a-3d3155aaa413/resourceGroups/nitin-rg2",
            "read_headers": {
              "User-Agent": "avm=true avm_module_source=registry.terraform.io/Azure/avm-res-network-virtualnetwork/azurerm avm_module_version=0.16.0 random_id=d4c1d914-0034-c7b2-790b-e20b362ac1bf"
            },
            "read_query_parameters": null,
            "replace_triggers_external_values": null,
            "replace_triggers_refs": null,
            "response_export_values": {
              "value": [],
              "type": [
                "list",
                "string"
              ]
            },
            "retry": {
              "error_message_regex": [
                "ReferencedResourceNotProvisioned"
              ],
              "interval_seconds": 10,
              "max_interval_seconds": 180,
              "multiplier": 1.5,
              "randomization_factor": 0.5
            },
            "schema_validation_enabled": true,
            "sensitive_body": null,
            "sensitive_body_version": null,
            "tags": null,
            "timeouts": {
              "create": "30m",
              "delete": "30m",
              "read": "5m",
              "update": "30m"
            },
            "type": "Microsoft.Network/virtualNetworks@2024-07-01",
            "update_headers": {
              "User-Agent": "avm=true avm_module_source=registry.terraform.io/Azure/avm-res-network-virtualnetwork/azurerm avm_module_version=0.16.0 random_id=d4c1d914-0034-c7b2-790b-e20b362ac1bf"
            },
            "update_query_parameters": null
          },
          "sensitive_attributes": [],
          "identity_schema_version": 0,
          "private": "eyJzZW5zaXRpdmVfYm9keSI6ImV5Sm9ZWE5vSWpvaVpFTk9UMjFMTDI1VFdTc3hNblpJZW1GelRGaHBjM2Q2YkVkVU5WVklRVGRxUVVkWmEzWnRRM1ZSY3owaWZRPT0ifQ==",
          "dependencies": [
            "module.avm-res-network-virtualnetwork.data.modtm_module_source.telemetry",
            "module.avm-res-network-virtualnetwork.random_uuid.telemetry",
            "module.rg2.azurerm_resource_group.example"
          ]
        }
      ]
    },
    {
      "module": "module.avm-res-network-virtualnetwork",
      "mode": "managed",
      "type": "modtm_telemetry",
      "name": "telemetry",
      "provider": "provider[\"registry.terraform.io/azure/modtm\"]",
      "instances": [
        {
          "index_key": 0,
          "schema_version": 0,
          "attributes": {
            "endpoint": null,
            "ephemeral_number": null,
            "id": "0b7386af-7742-44cb-b89a-47e5c4ce10f5",
            "nonce": null,
            "tags": {
              "location": "eastus",
              "module_source": "registry.terraform.io/Azure/avm-res-network-virtualnetwork/azurerm",
              "module_version": "0.16.0",
              "random_id": "d4c1d914-0034-c7b2-790b-e20b362ac1bf",
              "subscription_id": "2df30ff1-915d-4d35-974a-3d3155aaa413",
              "tenant_id": "cabf5d06-7e3a-4d14-b7f4-2b5819ed881e"
            }
          },
          "sensitive_attributes": [],
          "identity_schema_version": 0,
          "dependencies": [
            "module.avm-res-network-virtualnetwork.data.azapi_client_config.telemetry",
            "module.avm-res-network-virtualnetwork.data.modtm_module_source.telemetry",
            "module.avm-res-network-virtualnetwork.random_uuid.telemetry",
            "module.rg2.azurerm_resource_group.example"
          ]
        }
      ]
    },
    {
      "module": "module.avm-res-network-virtualnetwork",
      "mode": "managed",
      "type": "random_uuid",
      "name": "telemetry",
      "provider": "provider[\"registry.terraform.io/hashicorp/random\"]",
      "instances": [
        {
          "index_key": 0,
          "schema_version": 0,
          "attributes": {
            "id": "d4c1d914-0034-c7b2-790b-e20b362ac1bf",
            "keepers": null,
            "result": "d4c1d914-0034-c7b2-790b-e20b362ac1bf"
          },
          "sensitive_attributes": [],
          "identity_schema_version": 0
        }
      ]
    },
    {
      "module": "module.avm-res-network-virtualnetwork.module.subnet[\"subnet1\"]",
      "mode": "managed",
      "type": "azapi_resource",
      "name": "subnet",
      "provider": "provider[\"registry.terraform.io/azure/azapi\"]",
      "instances": [
        {
          "index_key": 0,
          "schema_version": 2,
          "attributes": {
            "body": {
              "value": {
                "properties": {
                  "addressPrefix": null,
                  "addressPrefixes": [
                    "10.0.0.0/24"
                  ],
                  "defaultOutboundAccess": false,
                  "delegations": [],
                  "natGateway": null,
                  "networkSecurityGroup": null,
                  "privateEndpointNetworkPolicies": "Enabled",
                  "privateLinkServiceNetworkPolicies": "Enabled",
                  "routeTable": null,
                  "serviceEndpointPolicies": null,
                  "serviceEndpoints": null,
                  "sharingScope": null
                }
              },
              "type": [
                "object",
                {
                  "properties": [
                    "object",
                    {
                      "addressPrefix": "string",
                      "addressPrefixes": [
                        "list",
                        "string"
                      ],
                      "defaultOutboundAccess": "bool",
                      "delegations": [
                        "tuple",
                        []
                      ],
                      "natGateway": [
                        "object",
                        {
                          "id": "dynamic"
                        }
                      ],
                      "networkSecurityGroup": [
                        "object",
                        {
                          "id": "dynamic"
                        }
                      ],
                      "privateEndpointNetworkPolicies": "string",
                      "privateLinkServiceNetworkPolicies": "string",
                      "routeTable": [
                        "object",
                        {
                          "id": "dynamic"
                        }
                      ],
                      "serviceEndpointPolicies": "dynamic",
                      "serviceEndpoints": "dynamic",
                      "sharingScope": "string"
                    }
                  ]
                }
              ]
            },
            "create_headers": null,
            "create_query_parameters": null,
            "delete_headers": null,
            "delete_query_parameters": null,
            "id": "/subscriptions/2df30ff1-915d-4d35-974a-3d3155aaa413/resourceGroups/nitin-rg2/providers/Microsoft.Network/virtualNetworks/vnet-demo-nitin-eastus2-001/subnets/subnet1",
            "identity": [],
            "ignore_casing": false,
            "ignore_missing_property": true,
            "ignore_null_property": false,
            "location": null,
            "locks": [
              "/subscriptions/2df30ff1-915d-4d35-974a-3d3155aaa413/resourceGroups/nitin-rg2/providers/Microsoft.Network/virtualNetworks/vnet-demo-nitin-eastus2-001"
            ],
            "name": "subnet1",
            "output": {
              "value": {
                "properties": {
                  "addressPrefixes": [
                    "10.0.0.0/24"
                  ]
                }
              },
              "type": [
                "object",
                {
                  "properties": [
                    "object",
                    {
                      "addressPrefixes": [
                        "tuple",
                        [
                          "string"
                        ]
                      ]
                    }
                  ]
                }
              ]
            },
            "parent_id": "/subscriptions/2df30ff1-915d-4d35-974a-3d3155aaa413/resourceGroups/nitin-rg2/providers/Microsoft.Network/virtualNetworks/vnet-demo-nitin-eastus2-001",
            "read_headers": null,
            "read_query_parameters": null,
            "replace_triggers_external_values": null,
            "replace_triggers_refs": null,
            "response_export_values": {
              "value": [
                "properties.addressPrefixes",
                "properties.addressPrefix"
              ],
              "type": [
                "tuple",
                [
                  "string",
                  "string"
                ]
              ]
            },
            "retry": {
              "error_message_regex": [
                "ReferencedResourceNotProvisioned"
              ],
              "interval_seconds": 10,
              "max_interval_seconds": 180,
              "multiplier": 1.5,
              "randomization_factor": 0.5
            },
            "schema_validation_enabled": true,
            "sensitive_body": null,
            "sensitive_body_version": null,
            "tags": null,
            "timeouts": {
              "create": "30m",
              "delete": "30m",
              "read": "5m",
              "update": "30m"
            },
            "type": "Microsoft.Network/virtualNetworks/subnets@2024-07-01",
            "update_headers": null,
            "update_query_parameters": null
          },
          "sensitive_attributes": [],
          "identity_schema_version": 0,
          "private": "eyJzZW5zaXRpdmVfYm9keSI6ImV5Sm9ZWE5vSWpvaVpFTk9UMjFMTDI1VFdTc3hNblpJZW1GelRGaHBjM2Q2YkVkVU5WVklRVGRxUVVkWmEzWnRRM1ZSY3owaWZRPT0ifQ==",
          "dependencies": [
            "module.avm-res-network-virtualnetwork.azapi_resource.vnet",
            "module.avm-res-network-virtualnetwork.data.modtm_module_source.telemetry",
            "module.avm-res-network-virtualnetwork.random_uuid.telemetry",
            "module.rg2.azurerm_resource_group.example"
          ]
        }
      ]
    },
    {
      "module": "module.avm-res-network-virtualnetwork.module.subnet[\"subnet2\"]",
      "mode": "managed",
      "type": "azapi_resource",
      "name": "subnet",
      "provider": "provider[\"registry.terraform.io/azure/azapi\"]",
      "instances": [
        {
          "index_key": 0,
          "schema_version": 2,
          "attributes": {
            "body": {
              "value": {
                "properties": {
                  "addressPrefix": null,
                  "addressPrefixes": [
                    "10.0.1.0/24"
                  ],
                  "defaultOutboundAccess": false,
                  "delegations": [],
                  "natGateway": null,
                  "networkSecurityGroup": null,
                  "privateEndpointNetworkPolicies": "Enabled",
                  "privateLinkServiceNetworkPolicies": "Enabled",
                  "routeTable": null,
                  "serviceEndpointPolicies": null,
                  "serviceEndpoints": null,
                  "sharingScope": null
                }
              },
              "type": [
                "object",
                {
                  "properties": [
                    "object",
                    {
                      "addressPrefix": "string",
                      "addressPrefixes": [
                        "list",
                        "string"
                      ],
                      "defaultOutboundAccess": "bool",
                      "delegations": [
                        "tuple",
                        []
                      ],
                      "natGateway": [
                        "object",
                        {
                          "id": "dynamic"
                        }
                      ],
                      "networkSecurityGroup": [
                        "object",
                        {
                          "id": "dynamic"
                        }
                      ],
                      "privateEndpointNetworkPolicies": "string",
                      "privateLinkServiceNetworkPolicies": "string",
                      "routeTable": [
                        "object",
                        {
                          "id": "dynamic"
                        }
                      ],
                      "serviceEndpointPolicies": "dynamic",
                      "serviceEndpoints": "dynamic",
                      "sharingScope": "string"
                    }
                  ]
                }
              ]
            },
            "create_headers": null,
            "create_query_parameters": null,
            "delete_headers": null,
            "delete_query_parameters": null,
            "id": "/subscriptions/2df30ff1-915d-4d35-974a-3d3155aaa413/resourceGroups/nitin-rg2/providers/Microsoft.Network/virtualNetworks/vnet-demo-nitin-eastus2-001/subnets/subnet2",
            "identity": [],
            "ignore_casing": false,
            "ignore_missing_property": true,
            "ignore_null_property": false,
            "location": null,
            "locks": [
              "/subscriptions/2df30ff1-915d-4d35-974a-3d3155aaa413/resourceGroups/nitin-rg2/providers/Microsoft.Network/virtualNetworks/vnet-demo-nitin-eastus2-001"
            ],
            "name": "subnet2",
            "output": {
              "value": {
                "properties": {
                  "addressPrefixes": [
                    "10.0.1.0/24"
                  ]
                }
              },
              "type": [
                "object",
                {
                  "properties": [
                    "object",
                    {
                      "addressPrefixes": [
                        "tuple",
                        [
                          "string"
                        ]
                      ]
                    }
                  ]
                }
              ]
            },
            "parent_id": "/subscriptions/2df30ff1-915d-4d35-974a-3d3155aaa413/resourceGroups/nitin-rg2/providers/Microsoft.Network/virtualNetworks/vnet-demo-nitin-eastus2-001",
            "read_headers": null,
            "read_query_parameters": null,
            "replace_triggers_external_values": null,
            "replace_triggers_refs": null,
            "response_export_values": {
              "value": [
                "properties.addressPrefixes",
                "properties.addressPrefix"
              ],
              "type": [
                "tuple",
                [
                  "string",
                  "string"
                ]
              ]
            },
            "retry": {
              "error_message_regex": [
                "ReferencedResourceNotProvisioned"
              ],
              "interval_seconds": 10,
              "max_interval_seconds": 180,
              "multiplier": 1.5,
              "randomization_factor": 0.5
            },
            "schema_validation_enabled": true,
            "sensitive_body": null,
            "sensitive_body_version": null,
            "tags": null,
            "timeouts": {
              "create": "30m",
              "delete": "30m",
              "read": "5m",
              "update": "30m"
            },
            "type": "Microsoft.Network/virtualNetworks/subnets@2024-07-01",
            "update_headers": null,
            "update_query_parameters": null
          },
          "sensitive_attributes": [],
          "identity_schema_version": 0,
          "private": "eyJzZW5zaXRpdmVfYm9keSI6ImV5Sm9ZWE5vSWpvaVpFTk9UMjFMTDI1VFdTc3hNblpJZW1GelRGaHBjM2Q2YkVkVU5WVklRVGRxUVVkWmEzWnRRM1ZSY3owaWZRPT0ifQ==",
          "dependencies": [
            "module.avm-res-network-virtualnetwork.azapi_resource.vnet",
            "module.avm-res-network-virtualnetwork.data.modtm_module_source.telemetry",
            "module.avm-res-network-virtualnetwork.random_uuid.telemetry",
            "module.rg2.azurerm_resource_group.example"
          ]
        }
      ]
    },
    {
      "module": "module.rg1",
      "mode": "managed",
      "type": "azurerm_resource_group",
      "name": "example",
      "provider": "provider[\"registry.terraform.io/hashicorp/azurerm\"]",
      "instances": [
        {
          "schema_version": 0,
          "attributes": {
            "id": "/subscriptions/2df30ff1-915d-4d35-974a-3d3155aaa413/resourceGroups/denitinep-rg1",
            "location": "westus",
            "managed_by": "",
            "name": "denitinep-rg1",
            "tags": null,
            "timeouts": null
          },
          "sensitive_attributes": [],
          "identity_schema_version": 0,
          "private": "eyJlMmJmYjczMC1lY2FhLTExZTYtOGY4OC0zNDM2M2JjN2M0YzAiOnsiY3JlYXRlIjo1NDAwMDAwMDAwMDAwLCJkZWxldGUiOjU0MDAwMDAwMDAwMDAsInJlYWQiOjMwMDAwMDAwMDAwMCwidXBkYXRlIjo1NDAwMDAwMDAwMDAwfX0="
        }
      ]
    },
    {
      "module": "module.rg2",
      "mode": "managed",
      "type": "azurerm_resource_group",
      "name": "example",
      "provider": "provider[\"registry.terraform.io/hashicorp/azurerm\"]",
      "instances": [
        {
          "schema_version": 0,
          "attributes": {
            "id": "/subscriptions/2df30ff1-915d-4d35-974a-3d3155aaa413/resourceGroups/nitin-rg2",
            "location": "eastus",
            "managed_by": "",
            "name": "nitin-rg2",
            "tags": null,
            "timeouts": null
          },
          "sensitive_attributes": [],
          "identity_schema_version": 0,
          "private": "eyJlMmJmYjczMC1lY2FhLTExZTYtOGY4OC0zNDM2M2JjN2M0YzAiOnsiY3JlYXRlIjo1NDAwMDAwMDAwMDAwLCJkZWxldGUiOjU0MDAwMDAwMDAwMDAsInJlYWQiOjMwMDAwMDAwMDAwMCwidXBkYXRlIjo1NDAwMDAwMDAwMDAwfX0="
        }
      ]
    }
  ],
  "check_results": [
    {
      "object_kind": "var",
      "config_addr": "module.avm-res-network-virtualnetwork.module.subnet.var.sharing_scope",
      "status": "pass",
      "objects": [
        {
          "object_addr": "module.avm-res-network-virtualnetwork.module.subnet[\"subnet1\"].var.sharing_scope",
          "status": "pass"
        },
        {
          "object_addr": "module.avm-res-network-virtualnetwork.module.subnet[\"subnet2\"].var.sharing_scope",
          "status": "pass"
        }
      ]
    },
    {
      "object_kind": "var",
      "config_addr": "module.avm-res-network-virtualnetwork.module.peering.var.sync_remote_address_space_triggers",
      "status": "pass",
      "objects": null
    },
    {
      "object_kind": "var",
      "config_addr": "module.avm-res-network-virtualnetwork.var.lock",
      "status": "pass",
      "objects": [
        {
          "object_addr": "module.avm-res-network-virtualnetwork.var.lock",
          "status": "pass"
        }
      ]
    },
    {
      "object_kind": "var",
      "config_addr": "module.avm-res-network-virtualnetwork.module.subnet.var.private_endpoint_network_policies",
      "status": "pass",
      "objects": [
        {
          "object_addr": "module.avm-res-network-virtualnetwork.module.subnet[\"subnet2\"].var.private_endpoint_network_policies",
          "status": "pass"
        },
        {
          "object_addr": "module.avm-res-network-virtualnetwork.module.subnet[\"subnet1\"].var.private_endpoint_network_policies",
          "status": "pass"
        }
      ]
    },
    {
      "object_kind": "var",
      "config_addr": "module.avm-res-network-virtualnetwork.module.peering.var.peer_complete_vnets",
      "status": "pass",
      "objects": null
    },
    {
      "object_kind": "var",
      "config_addr": "module.avm-res-network-virtualnetwork.var.encryption",
      "status": "pass",
      "objects": [
        {
          "object_addr": "module.avm-res-network-virtualnetwork.var.encryption",
          "status": "pass"
        }
      ]
    },
    {
      "object_kind": "var",
      "config_addr": "module.avm-res-network-virtualnetwork.var.extended_location",
      "status": "pass",
      "objects": [
        {
          "object_addr": "module.avm-res-network-virtualnetwork.var.extended_location",
          "status": "pass"
        }
      ]
    },
    {
      "object_kind": "var",
      "config_addr": "module.avm-res-network-virtualnetwork.var.subnets",
      "status": "pass",
      "objects": [
        {
          "object_addr": "module.avm-res-network-virtualnetwork.var.subnets",
          "status": "pass"
        }
      ]
    },
    {
      "object_kind": "var",
      "config_addr": "module.avm-res-network-virtualnetwork.var.ipam_pools",
      "status": "pass",
      "objects": [
        {
          "object_addr": "module.avm-res-network-virtualnetwork.var.ipam_pools",
          "status": "pass"
        }
      ]
    },
    {
      "object_kind": "var",
      "config_addr": "module.avm-res-network-virtualnetwork.module.peering.var.remote_virtual_network_id",
      "status": "pass",
      "objects": null
    },
    {
      "object_kind": "var",
      "config_addr": "module.avm-res-network-virtualnetwork.module.subnet.var.parent_id",
      "status": "pass",
      "objects": [
        {
          "object_addr": "module.avm-res-network-virtualnetwork.module.subnet[\"subnet1\"].var.parent_id",
          "status": "pass"
        },
        {
          "object_addr": "module.avm-res-network-virtualnetwork.module.subnet[\"subnet2\"].var.parent_id",
          "status": "pass"
        }
      ]
    },
    {
      "object_kind": "var",
      "config_addr": "module.avm-res-network-virtualnetwork.var.diagnostic_settings",
      "status": "pass",
      "objects": [
        {
          "object_addr": "module.avm-res-network-virtualnetwork.var.diagnostic_settings",
          "status": "pass"
        }
      ]
    },
    {
      "object_kind": "var",
      "config_addr": "module.avm-res-network-virtualnetwork.module.subnet.var.service_endpoints_with_location",
      "status": "pass",
      "objects": [
        {
          "object_addr": "module.avm-res-network-virtualnetwork.module.subnet[\"subnet2\"].var.service_endpoints_with_location",
          "status": "pass"
        },
        {
          "object_addr": "module.avm-res-network-virtualnetwork.module.subnet[\"subnet1\"].var.service_endpoints_with_location",
          "status": "pass"
        }
      ]
    },
    {
      "object_kind": "var",
      "config_addr": "module.avm-res-network-virtualnetwork.module.peering.var.reverse_peer_complete_vnets",
      "status": "pass",
      "objects": null
    },
    {
      "object_kind": "var",
      "config_addr": "module.avm-res-network-virtualnetwork.module.peering.var.parent_id",
      "status": "pass",
      "objects": null
    },
    {
      "object_kind": "var",
      "config_addr": "module.avm-res-network-virtualnetwork.module.subnet.var.ipam_pools",
      "status": "pass",
      "objects": [
        {
          "object_addr": "module.avm-res-network-virtualnetwork.module.subnet[\"subnet1\"].var.ipam_pools",
          "status": "pass"
        },
        {
          "object_addr": "module.avm-res-network-virtualnetwork.module.subnet[\"subnet2\"].var.ipam_pools",
          "status": "pass"
        }
      ]
    },
    {
      "object_kind": "var",
      "config_addr": "module.avm-res-network-virtualnetwork.var.address_space",
      "status": "pass",
      "objects": [
        {
          "object_addr": "module.avm-res-network-virtualnetwork.var.address_space",
          "status": "pass"
        }
      ]
    },
    {
      "object_kind": "var",
      "config_addr": "module.avm-res-network-virtualnetwork.var.parent_id",
      "status": "pass",
      "objects": [
        {
          "object_addr": "module.avm-res-network-virtualnetwork.var.parent_id",
          "status": "pass"
        }
      ]
    }
  ]
}
